
Microsoft Visual Studio Solution File, Format Version 12.00
# Visual Studio Version 17
VisualStudioVersion = 17.5.33627.172
MinimumVisualStudioVersion = 10.0.40219.1
Project("{FAE04EC0-301F-11D3-BF4B-00C04F79EFBC}") = "GUI CW", "GUI CW.csproj", "{1F0303EE-EA38-4766-9FF5-449FE840C76A}"
EndProject
Global
	GlobalSection(SolutionConfigurationPlatforms) = preSolution
		Debug|Any CPU = Debug|Any CPU
		Release|Any CPU = Release|Any CPU
	EndGlobalSection
	GlobalSection(ProjectConfigurationPlatforms) = postSolution
		{1F0303EE-EA38-4766-9FF5-449FE840C76A}.Debug|Any CPU.ActiveCfg = Debug|Any CPU
		{1F0303EE-EA38-4766-9FF5-449FE840C76A}.Debug|Any CPU.Build.0 = Debug|Any CPU
		{1F0303EE-EA38-4766-9FF5-449FE840C76A}.Release|Any CPU.ActiveCfg = Release|Any CPU
		{1F0303EE-EA38-4766-9FF5-449FE840C76A}.Release|Any CPU.Build.0 = Release|Any CPU
	EndGlobalSection
	GlobalSection(SolutionProperties) = preSolution
		HideSolutionNode = FALSE
	EndGlobalSection
	GlobalSection(ExtensibilityGlobals) = postSolution
		SolutionGuid = {5581D171-1925-4EB9-B1E4-07C48B70042E}
	EndGlobalSection
EndGlobal
